
Microsoft Visual Studio Solution File, Format Version 12.00
# Visual Studio Version 17
VisualStudioVersion = 17.8.34316.72
MinimumVisualStudioVersion = 10.0.40219.1
Project("{FAE04EC0-301F-11D3-BF4B-00C04F79EFBC}") = "Tasmana", "Project\Tasmana.csproj", "{A44FA2C3-5DEF-4698-9870-FDC6123D8699}"
EndProject
Global
	GlobalSection(SolutionConfigurationPlatforms) = preSolution
		Debug|Any CPU = Debug|Any CPU
		Release|Any CPU = Release|Any CPU
	EndGlobalSection
	GlobalSection(ProjectConfigurationPlatforms) = postSolution
		{A44FA2C3-5DEF-4698-9870-FDC6123D8699}.Debug|Any CPU.ActiveCfg = Debug|Any CPU
		{A44FA2C3-5DEF-4698-9870-FDC6123D8699}.Debug|Any CPU.Build.0 = Debug|Any CPU
		{A44FA2C3-5DEF-4698-9870-FDC6123D8699}.Release|Any CPU.ActiveCfg = Release|Any CPU
		{A44FA2C3-5DEF-4698-9870-FDC6123D8699}.Release|Any CPU.Build.0 = Release|Any CPU
	EndGlobalSection
	GlobalSection(SolutionProperties) = preSolution
		HideSolutionNode = FALSE
	EndGlobalSection
	GlobalSection(ExtensibilityGlobals) = postSolution
		SolutionGuid = {80BCAF11-FB51-41B2-A9B5-44F585CB5591}
	EndGlobalSection
EndGlobal
