
Microsoft Visual Studio Solution File, Format Version 12.00
# Visual Studio Version 17
VisualStudioVersion = 17.9.34622.214
MinimumVisualStudioVersion = 10.0.40219.1
Project("{FAE04EC0-301F-11D3-BF4B-00C04F79EFBC}") = "Tasmana", "DangNhap\Tasmana.csproj", "{183BF248-D930-4042-9B3F-59A7E7ACC34B}"
EndProject
Global
	GlobalSection(SolutionConfigurationPlatforms) = preSolution
		Debug|Any CPU = Debug|Any CPU
		Release|Any CPU = Release|Any CPU
	EndGlobalSection
	GlobalSection(ProjectConfigurationPlatforms) = postSolution
		{183BF248-D930-4042-9B3F-59A7E7ACC34B}.Debug|Any CPU.ActiveCfg = Debug|Any CPU
		{183BF248-D930-4042-9B3F-59A7E7ACC34B}.Debug|Any CPU.Build.0 = Debug|Any CPU
		{183BF248-D930-4042-9B3F-59A7E7ACC34B}.Release|Any CPU.ActiveCfg = Release|Any CPU
		{183BF248-D930-4042-9B3F-59A7E7ACC34B}.Release|Any CPU.Build.0 = Release|Any CPU
	EndGlobalSection
	GlobalSection(SolutionProperties) = preSolution
		HideSolutionNode = FALSE
	EndGlobalSection
	GlobalSection(ExtensibilityGlobals) = postSolution
		SolutionGuid = {FF4F9C90-B946-4FCB-8F70-A75070B5A1B8}
	EndGlobalSection
EndGlobal
